
Microsoft Visual Studio Solution File, Format Version 12.00
# Visual Studio Version 16
VisualStudioVersion = 16.0.35325.158
MinimumVisualStudioVersion = 10.0.40219.1
Project("{888888A0-9F3D-457C-B088-3A5042F75D52}") = "phy 1", "phy 1\phy 1.pyproj", "{3E672E74-5185-4D41-903E-5DB66A699CDD}"
EndProject
Global
	GlobalSection(SolutionConfigurationPlatforms) = preSolution
		Debug|Any CPU = Debug|Any CPU
		Release|Any CPU = Release|Any CPU
	EndGlobalSection
	GlobalSection(ProjectConfigurationPlatforms) = postSolution
		{3E672E74-5185-4D41-903E-5DB66A699CDD}.Debug|Any CPU.ActiveCfg = Debug|Any CPU
		{3E672E74-5185-4D41-903E-5DB66A699CDD}.Release|Any CPU.ActiveCfg = Release|Any CPU
	EndGlobalSection
	GlobalSection(SolutionProperties) = preSolution
		HideSolutionNode = FALSE
	EndGlobalSection
	GlobalSection(ExtensibilityGlobals) = postSolution
		SolutionGuid = {6BAD1AC8-67ED-478C-A4C8-DC2C6AE8465E}
	EndGlobalSection
EndGlobal
